
Microsoft Visual Studio Solution File, Format Version 12.00
# Visual Studio Version 17
VisualStudioVersion = 17.11.35312.102
MinimumVisualStudioVersion = 10.0.40219.1
Project("{FAE04EC0-301F-11D3-BF4B-00C04F79EFBC}") = "ProyectoBarberia", "ProyectoBarberia.csproj", "{89A18B59-F457-415E-9081-50332CD3BBDB}"
EndProject
Global
	GlobalSection(SolutionConfigurationPlatforms) = preSolution
		Debug|Any CPU = Debug|Any CPU
		Release|Any CPU = Release|Any CPU
	EndGlobalSection
	GlobalSection(ProjectConfigurationPlatforms) = postSolution
		{89A18B59-F457-415E-9081-50332CD3BBDB}.Debug|Any CPU.ActiveCfg = Debug|Any CPU
		{89A18B59-F457-415E-9081-50332CD3BBDB}.Debug|Any CPU.Build.0 = Debug|Any CPU
		{89A18B59-F457-415E-9081-50332CD3BBDB}.Debug|Any CPU.Deploy.0 = Debug|Any CPU
		{89A18B59-F457-415E-9081-50332CD3BBDB}.Release|Any CPU.ActiveCfg = Release|Any CPU
		{89A18B59-F457-415E-9081-50332CD3BBDB}.Release|Any CPU.Build.0 = Release|Any CPU
		{89A18B59-F457-415E-9081-50332CD3BBDB}.Release|Any CPU.Deploy.0 = Release|Any CPU
	EndGlobalSection
	GlobalSection(SolutionProperties) = preSolution
		HideSolutionNode = FALSE
	EndGlobalSection
	GlobalSection(ExtensibilityGlobals) = postSolution
		SolutionGuid = {14CE3694-D015-40A5-93F6-C6CA5CF3AB25}
	EndGlobalSection
EndGlobal
